
Microsoft Visual Studio Solution File, Format Version 12.00
# Visual Studio Version 17
VisualStudioVersion = 17.8.34316.72
MinimumVisualStudioVersion = 10.0.40219.1
Project("{FAE04EC0-301F-11D3-BF4B-00C04F79EFBC}") = "1.0", "1.0.csproj", "{B04FDEDC-AB07-4906-BFC9-368D2C5B371A}"
EndProject
Global
	GlobalSection(SolutionConfigurationPlatforms) = preSolution
		Debug|Any CPU = Debug|Any CPU
		Release|Any CPU = Release|Any CPU
	EndGlobalSection
	GlobalSection(ProjectConfigurationPlatforms) = postSolution
		{B04FDEDC-AB07-4906-BFC9-368D2C5B371A}.Debug|Any CPU.ActiveCfg = Debug|Any CPU
		{B04FDEDC-AB07-4906-BFC9-368D2C5B371A}.Debug|Any CPU.Build.0 = Debug|Any CPU
		{B04FDEDC-AB07-4906-BFC9-368D2C5B371A}.Release|Any CPU.ActiveCfg = Release|Any CPU
		{B04FDEDC-AB07-4906-BFC9-368D2C5B371A}.Release|Any CPU.Build.0 = Release|Any CPU
	EndGlobalSection
	GlobalSection(SolutionProperties) = preSolution
		HideSolutionNode = FALSE
	EndGlobalSection
	GlobalSection(ExtensibilityGlobals) = postSolution
		SolutionGuid = {8FFFB93C-EB24-48E1-8D75-6037689F9A93}
	EndGlobalSection
EndGlobal
